
Microsoft Visual Studio Solution File, Format Version 12.00
# Visual Studio Version 17
VisualStudioVersion = 17.3.32804.467
MinimumVisualStudioVersion = 10.0.40219.1
Project("{FAE04EC0-301F-11D3-BF4B-00C04F79EFBC}") = "Deadlock - Banker", "Deadlock - Banker\Deadlock - Banker.csproj", "{F45F2C95-214F-49D3-9333-3EA1E921B02D}"
EndProject
Global
	GlobalSection(SolutionConfigurationPlatforms) = preSolution
		Debug|Any CPU = Debug|Any CPU
		Release|Any CPU = Release|Any CPU
	EndGlobalSection
	GlobalSection(ProjectConfigurationPlatforms) = postSolution
		{F45F2C95-214F-49D3-9333-3EA1E921B02D}.Debug|Any CPU.ActiveCfg = Debug|Any CPU
		{F45F2C95-214F-49D3-9333-3EA1E921B02D}.Debug|Any CPU.Build.0 = Debug|Any CPU
		{F45F2C95-214F-49D3-9333-3EA1E921B02D}.Release|Any CPU.ActiveCfg = Release|Any CPU
		{F45F2C95-214F-49D3-9333-3EA1E921B02D}.Release|Any CPU.Build.0 = Release|Any CPU
	EndGlobalSection
	GlobalSection(SolutionProperties) = preSolution
		HideSolutionNode = FALSE
	EndGlobalSection
	GlobalSection(ExtensibilityGlobals) = postSolution
		SolutionGuid = {2CC61F50-B23C-4422-BB02-DA4BC66D1D5C}
	EndGlobalSection
EndGlobal
